
Microsoft Visual Studio Solution File, Format Version 12.00
# Visual Studio Version 16
VisualStudioVersion = 16.0.29613.14
MinimumVisualStudioVersion = 10.0.40219.1
Project("{2150E333-8FDC-42A3-9474-1A3956D46DE8}") = "src", "src", "{DF15612B-D26F-4863-9749-A38CCBFD84B0}"
EndProject
Project("{2150E333-8FDC-42A3-9474-1A3956D46DE8}") = "test", "test", "{7735A78C-788F-4201-AAEB-1A25A4B7446B}"
EndProject
Project("{9A19103F-16F7-4668-BE54-9A1E7A4F7556}") = "MXNetDotNet", "src\MXNetDotNet\MXNetDotNet.csproj", "{2684E7A1-4499-4208-A78A-3E2A5B9037F6}"
EndProject
Project("{2150E333-8FDC-42A3-9474-1A3956D46DE8}") = "example", "example", "{1935FFDF-BC84-451D-9587-DE6083973520}"
EndProject
Project("{9A19103F-16F7-4668-BE54-9A1E7A4F7556}") = "ImageClassification", "example\ImageClassification\ImageClassification.csproj", "{7A240DBD-8C55-4A23-B4B5-555EC1705488}"
EndProject
Project("{9A19103F-16F7-4668-BE54-9A1E7A4F7556}") = "SSD", "example\SSD\SSD.csproj", "{0B50810E-BED5-4A3C-8986-75C7B4FC0E1A}"
EndProject
Project("{9A19103F-16F7-4668-BE54-9A1E7A4F7556}") = "YOLOv2", "example\YOLOv2\YOLOv2.csproj", "{AF0AD428-66BC-4BD5-A851-811656D513C7}"
EndProject
Project("{9A19103F-16F7-4668-BE54-9A1E7A4F7556}") = "TestScore", "example\TestScore\TestScore.csproj", "{AB713BF7-BBAF-4061-949B-404275653C43}"
EndProject
Project("{9A19103F-16F7-4668-BE54-9A1E7A4F7556}") = "GoogLeNet", "example\GoogleNet\GoogLeNet.csproj", "{700055F1-132A-4E1D-9770-55AB298881E6}"
EndProject
Project("{9A19103F-16F7-4668-BE54-9A1E7A4F7556}") = "LeNet", "example\LeNet\LeNet.csproj", "{CC38578F-8329-4FC5-8CD4-F9F7D6F7944A}"
EndProject
Project("{9A19103F-16F7-4668-BE54-9A1E7A4F7556}") = "MLP", "example\MLP\MLP.csproj", "{C5935ACD-9829-4346-B7DB-F20CE041D723}"
EndProject
Project("{9A19103F-16F7-4668-BE54-9A1E7A4F7556}") = "LeNetWithMXDataIter", "example\LeNetWithMXDataIter\LeNetWithMXDataIter.csproj", "{50A09E72-15A9-4F5B-ACB8-7FAD80D18FC7}"
EndProject
Project("{9A19103F-16F7-4668-BE54-9A1E7A4F7556}") = "AlexNet", "example\AlexNet\AlexNet.csproj", "{EB6543B8-4EB0-44CE-B79A-58E4D748E030}"
EndProject
Project("{9A19103F-16F7-4668-BE54-9A1E7A4F7556}") = "MXNetDotNet.Tests", "test\MXNetDotNet.Tests\MXNetDotNet.Tests.csproj", "{2C33B19D-155E-4ED4-882E-7BD806C267CA}"
EndProject
Project("{9A19103F-16F7-4668-BE54-9A1E7A4F7556}") = "MLPCPU", "example\MLPCPU\MLPCPU.csproj", "{06B948DF-4106-4DB7-9543-54738A95708A}"
EndProject
Project("{9A19103F-16F7-4668-BE54-9A1E7A4F7556}") = "MLPGPU", "example\MLPGPU\MLPGPU.csproj", "{7C2D6F70-148B-4494-B6C3-47C3FABA99A6}"
EndProject
Project("{9A19103F-16F7-4668-BE54-9A1E7A4F7556}") = "InceptionBN", "example\InceptionBN\InceptionBN.csproj", "{F2B50A6E-BAE7-4B36-B76A-F95892E85B1F}"
EndProject
Project("{9A19103F-16F7-4668-BE54-9A1E7A4F7556}") = "Utils", "example\Utils\Utils.csproj", "{CF804149-21C5-4332-AA37-CA17DC407056}"
EndProject
Global
	GlobalSection(SolutionConfigurationPlatforms) = preSolution
		Debug|x64 = Debug|x64
		Release|x64 = Release|x64
	EndGlobalSection
	GlobalSection(ProjectConfigurationPlatforms) = postSolution
		{2684E7A1-4499-4208-A78A-3E2A5B9037F6}.Debug|x64.ActiveCfg = Debug|Any CPU
		{2684E7A1-4499-4208-A78A-3E2A5B9037F6}.Debug|x64.Build.0 = Debug|Any CPU
		{2684E7A1-4499-4208-A78A-3E2A5B9037F6}.Release|x64.ActiveCfg = Release|Any CPU
		{2684E7A1-4499-4208-A78A-3E2A5B9037F6}.Release|x64.Build.0 = Release|Any CPU
		{7A240DBD-8C55-4A23-B4B5-555EC1705488}.Debug|x64.ActiveCfg = Debug|Any CPU
		{7A240DBD-8C55-4A23-B4B5-555EC1705488}.Debug|x64.Build.0 = Debug|Any CPU
		{7A240DBD-8C55-4A23-B4B5-555EC1705488}.Release|x64.ActiveCfg = Release|Any CPU
		{7A240DBD-8C55-4A23-B4B5-555EC1705488}.Release|x64.Build.0 = Release|Any CPU
		{0B50810E-BED5-4A3C-8986-75C7B4FC0E1A}.Debug|x64.ActiveCfg = Debug|Any CPU
		{0B50810E-BED5-4A3C-8986-75C7B4FC0E1A}.Debug|x64.Build.0 = Debug|Any CPU
		{0B50810E-BED5-4A3C-8986-75C7B4FC0E1A}.Release|x64.ActiveCfg = Release|Any CPU
		{0B50810E-BED5-4A3C-8986-75C7B4FC0E1A}.Release|x64.Build.0 = Release|Any CPU
		{AF0AD428-66BC-4BD5-A851-811656D513C7}.Debug|x64.ActiveCfg = Debug|Any CPU
		{AF0AD428-66BC-4BD5-A851-811656D513C7}.Debug|x64.Build.0 = Debug|Any CPU
		{AF0AD428-66BC-4BD5-A851-811656D513C7}.Release|x64.ActiveCfg = Release|Any CPU
		{AF0AD428-66BC-4BD5-A851-811656D513C7}.Release|x64.Build.0 = Release|Any CPU
		{AB713BF7-BBAF-4061-949B-404275653C43}.Debug|x64.ActiveCfg = Debug|Any CPU
		{AB713BF7-BBAF-4061-949B-404275653C43}.Debug|x64.Build.0 = Debug|Any CPU
		{AB713BF7-BBAF-4061-949B-404275653C43}.Release|x64.ActiveCfg = Release|Any CPU
		{AB713BF7-BBAF-4061-949B-404275653C43}.Release|x64.Build.0 = Release|Any CPU
		{700055F1-132A-4E1D-9770-55AB298881E6}.Debug|x64.ActiveCfg = Debug|Any CPU
		{700055F1-132A-4E1D-9770-55AB298881E6}.Debug|x64.Build.0 = Debug|Any CPU
		{700055F1-132A-4E1D-9770-55AB298881E6}.Release|x64.ActiveCfg = Release|Any CPU
		{700055F1-132A-4E1D-9770-55AB298881E6}.Release|x64.Build.0 = Release|Any CPU
		{CC38578F-8329-4FC5-8CD4-F9F7D6F7944A}.Debug|x64.ActiveCfg = Debug|Any CPU
		{CC38578F-8329-4FC5-8CD4-F9F7D6F7944A}.Debug|x64.Build.0 = Debug|Any CPU
		{CC38578F-8329-4FC5-8CD4-F9F7D6F7944A}.Release|x64.ActiveCfg = Release|Any CPU
		{CC38578F-8329-4FC5-8CD4-F9F7D6F7944A}.Release|x64.Build.0 = Release|Any CPU
		{C5935ACD-9829-4346-B7DB-F20CE041D723}.Debug|x64.ActiveCfg = Debug|Any CPU
		{C5935ACD-9829-4346-B7DB-F20CE041D723}.Debug|x64.Build.0 = Debug|Any CPU
		{C5935ACD-9829-4346-B7DB-F20CE041D723}.Release|x64.ActiveCfg = Release|Any CPU
		{C5935ACD-9829-4346-B7DB-F20CE041D723}.Release|x64.Build.0 = Release|Any CPU
		{50A09E72-15A9-4F5B-ACB8-7FAD80D18FC7}.Debug|x64.ActiveCfg = Debug|Any CPU
		{50A09E72-15A9-4F5B-ACB8-7FAD80D18FC7}.Debug|x64.Build.0 = Debug|Any CPU
		{50A09E72-15A9-4F5B-ACB8-7FAD80D18FC7}.Release|x64.ActiveCfg = Release|Any CPU
		{50A09E72-15A9-4F5B-ACB8-7FAD80D18FC7}.Release|x64.Build.0 = Release|Any CPU
		{EB6543B8-4EB0-44CE-B79A-58E4D748E030}.Debug|x64.ActiveCfg = Debug|Any CPU
		{EB6543B8-4EB0-44CE-B79A-58E4D748E030}.Debug|x64.Build.0 = Debug|Any CPU
		{EB6543B8-4EB0-44CE-B79A-58E4D748E030}.Release|x64.ActiveCfg = Release|Any CPU
		{EB6543B8-4EB0-44CE-B79A-58E4D748E030}.Release|x64.Build.0 = Release|Any CPU
		{2C33B19D-155E-4ED4-882E-7BD806C267CA}.Debug|x64.ActiveCfg = Debug|Any CPU
		{2C33B19D-155E-4ED4-882E-7BD806C267CA}.Debug|x64.Build.0 = Debug|Any CPU
		{2C33B19D-155E-4ED4-882E-7BD806C267CA}.Release|x64.ActiveCfg = Release|Any CPU
		{2C33B19D-155E-4ED4-882E-7BD806C267CA}.Release|x64.Build.0 = Release|Any CPU
		{06B948DF-4106-4DB7-9543-54738A95708A}.Debug|x64.ActiveCfg = Debug|Any CPU
		{06B948DF-4106-4DB7-9543-54738A95708A}.Debug|x64.Build.0 = Debug|Any CPU
		{06B948DF-4106-4DB7-9543-54738A95708A}.Release|x64.ActiveCfg = Release|Any CPU
		{06B948DF-4106-4DB7-9543-54738A95708A}.Release|x64.Build.0 = Release|Any CPU
		{7C2D6F70-148B-4494-B6C3-47C3FABA99A6}.Debug|x64.ActiveCfg = Debug|Any CPU
		{7C2D6F70-148B-4494-B6C3-47C3FABA99A6}.Debug|x64.Build.0 = Debug|Any CPU
		{7C2D6F70-148B-4494-B6C3-47C3FABA99A6}.Release|x64.ActiveCfg = Release|Any CPU
		{7C2D6F70-148B-4494-B6C3-47C3FABA99A6}.Release|x64.Build.0 = Release|Any CPU
		{F2B50A6E-BAE7-4B36-B76A-F95892E85B1F}.Debug|x64.ActiveCfg = Debug|Any CPU
		{F2B50A6E-BAE7-4B36-B76A-F95892E85B1F}.Debug|x64.Build.0 = Debug|Any CPU
		{F2B50A6E-BAE7-4B36-B76A-F95892E85B1F}.Release|x64.ActiveCfg = Release|Any CPU
		{F2B50A6E-BAE7-4B36-B76A-F95892E85B1F}.Release|x64.Build.0 = Release|Any CPU
		{CF804149-21C5-4332-AA37-CA17DC407056}.Debug|x64.ActiveCfg = Debug|Any CPU
		{CF804149-21C5-4332-AA37-CA17DC407056}.Debug|x64.Build.0 = Debug|Any CPU
		{CF804149-21C5-4332-AA37-CA17DC407056}.Release|x64.ActiveCfg = Release|Any CPU
		{CF804149-21C5-4332-AA37-CA17DC407056}.Release|x64.Build.0 = Release|Any CPU
	EndGlobalSection
	GlobalSection(SolutionProperties) = preSolution
		HideSolutionNode = FALSE
	EndGlobalSection
	GlobalSection(NestedProjects) = preSolution
		{2684E7A1-4499-4208-A78A-3E2A5B9037F6} = {DF15612B-D26F-4863-9749-A38CCBFD84B0}
		{7A240DBD-8C55-4A23-B4B5-555EC1705488} = {1935FFDF-BC84-451D-9587-DE6083973520}
		{0B50810E-BED5-4A3C-8986-75C7B4FC0E1A} = {1935FFDF-BC84-451D-9587-DE6083973520}
		{AF0AD428-66BC-4BD5-A851-811656D513C7} = {1935FFDF-BC84-451D-9587-DE6083973520}
		{AB713BF7-BBAF-4061-949B-404275653C43} = {1935FFDF-BC84-451D-9587-DE6083973520}
		{700055F1-132A-4E1D-9770-55AB298881E6} = {1935FFDF-BC84-451D-9587-DE6083973520}
		{CC38578F-8329-4FC5-8CD4-F9F7D6F7944A} = {1935FFDF-BC84-451D-9587-DE6083973520}
		{C5935ACD-9829-4346-B7DB-F20CE041D723} = {1935FFDF-BC84-451D-9587-DE6083973520}
		{50A09E72-15A9-4F5B-ACB8-7FAD80D18FC7} = {1935FFDF-BC84-451D-9587-DE6083973520}
		{EB6543B8-4EB0-44CE-B79A-58E4D748E030} = {1935FFDF-BC84-451D-9587-DE6083973520}
		{2C33B19D-155E-4ED4-882E-7BD806C267CA} = {7735A78C-788F-4201-AAEB-1A25A4B7446B}
		{06B948DF-4106-4DB7-9543-54738A95708A} = {1935FFDF-BC84-451D-9587-DE6083973520}
		{7C2D6F70-148B-4494-B6C3-47C3FABA99A6} = {1935FFDF-BC84-451D-9587-DE6083973520}
		{F2B50A6E-BAE7-4B36-B76A-F95892E85B1F} = {1935FFDF-BC84-451D-9587-DE6083973520}
		{CF804149-21C5-4332-AA37-CA17DC407056} = {1935FFDF-BC84-451D-9587-DE6083973520}
	EndGlobalSection
	GlobalSection(ExtensibilityGlobals) = postSolution
		SolutionGuid = {6C75B613-36E0-4042-B237-EB2E76AE1E8C}
	EndGlobalSection
EndGlobal
